# THIS IS AN AUTOGENERATED FILE. DO NOT EDIT THIS FILE DIRECTLY.
# yarn lockfile v1


"@types/babel-generator@^6.25.1":
  version "6.25.1"
  resolved "https://registry.yarnpkg.com/@types/babel-generator/-/babel-generator-6.25.1.tgz#f86ab3cf132b04597fe6c431d3083aaf1b76b530"
  dependencies:
    "@types/babel-types" "*"

"@types/babel-traverse@^6.25.2":
  version "6.25.3"
  resolved "https://registry.yarnpkg.com/@types/babel-traverse/-/babel-traverse-6.25.3.tgz#34dd69d1e469aee75e20ba00fbc52c7bc717b1c8"
  dependencies:
    "@types/babel-types" "*"

"@types/babel-types@*":
  version "7.0.1"
  resolved "https://registry.yarnpkg.com/@types/babel-types/-/babel-types-7.0.1.tgz#1405e5396968c4302994b0161ce405b72b874257"

"@types/babel-types@^6.25.1":
  version "6.25.2"
  resolved "https://registry.yarnpkg.com/@types/babel-types/-/babel-types-6.25.2.tgz#5c57f45973e4f13742dbc5273dd84cffe7373a9e"

"@types/babylon@^6.16.2":
  version "6.16.2"
  resolved "https://registry.yarnpkg.com/@types/babylon/-/babylon-6.16.2.tgz#062ce63b693d9af1c246f5aedf928bc9c30589c8"
  dependencies:
    "@types/babel-types" "*"

"@types/chai-subset@^1.3.0":
  version "1.3.1"
  resolved "https://registry.yarnpkg.com/@types/chai-subset/-/chai-subset-1.3.1.tgz#114af342bb0a3e04d23f55af279b0a4d383c2edd"
  dependencies:
    "@types/chai" "*"

"@types/chai@*":
  version "4.1.2"
  resolved "https://registry.yarnpkg.com/@types/chai/-/chai-4.1.2.tgz#f1af664769cfb50af805431c407425ed619daa21"

"@types/chalk@^0.4.30":
  version "0.4.31"
  resolved "https://registry.yarnpkg.com/@types/chalk/-/chalk-0.4.31.tgz#a31d74241a6b1edbb973cf36d97a2896834a51f9"

"@types/clone@^0.1.30":
  version "0.1.30"
  resolved "https://registry.yarnpkg.com/@types/clone/-/clone-0.1.30.tgz#e7365648c1b42136a59c7d5040637b3b5c83b614"

"@types/cssbeautify@^0.3.1":
  version "0.3.1"
  resolved "https://registry.yarnpkg.com/@types/cssbeautify/-/cssbeautify-0.3.1.tgz#8e0bee8f7decb952250da0caebe05e30591c17ef"

"@types/doctrine@^0.0.1":
  version "0.0.1"
  resolved "https://registry.yarnpkg.com/@types/doctrine/-/doctrine-0.0.1.tgz#b999f2d9f7b43cabe0a1a2f39bc203bc7dcada9d"

"@types/is-windows@^0.2.0":
  version "0.2.0"
  resolved "https://registry.yarnpkg.com/@types/is-windows/-/is-windows-0.2.0.tgz#6f24ee48731d31168ea510610d6dd15e5fc9c6ff"

"@types/minimatch@^3.0.1":
  version "3.0.3"
  resolved "https://registry.yarnpkg.com/@types/minimatch/-/minimatch-3.0.3.tgz#3dca0e3f33b200fc7d1139c0cd96c1268cadfd9d"

"@types/node@*":
  version "9.4.6"
  resolved "https://registry.yarnpkg.com/@types/node/-/node-9.4.6.tgz#d8176d864ee48753d053783e4e463aec86b8d82e"

"@types/node@^4.0.30", "@types/node@^4.2.3":
  version "4.2.23"
  resolved "https://registry.yarnpkg.com/@types/node/-/node-4.2.23.tgz#9241f00d64eb91084f68367746ef10d5fb2f2fc4"

"@types/node@^6.0.0", "@types/node@^6.0.41":
  version "6.0.101"
  resolved "https://registry.yarnpkg.com/@types/node/-/node-6.0.101.tgz#0c5911cfb434af4a51c0a499931fe6423207d921"

"@types/parse5@^2.2.32", "@types/parse5@^2.2.34":
  version "2.2.34"
  resolved "https://registry.yarnpkg.com/@types/parse5/-/parse5-2.2.34.tgz#e3870a10e82735a720f62d71dcd183ba78ef3a9d"
  dependencies:
    "@types/node" "*"

"@types/resolve@0.0.6":
  version "0.0.6"
  resolved "https://registry.yarnpkg.com/@types/resolve/-/resolve-0.0.6.tgz#0bd2f236c2e1cebb98b79885df57edd71a8d770e"
  dependencies:
    "@types/node" "*"

"@types/winston@^2.2.0":
  version "2.3.8"
  resolved "https://registry.yarnpkg.com/@types/winston/-/winston-2.3.8.tgz#88964f45ecb5ed1feb4bfb38a24316bee8bf8768"
  dependencies:
    "@types/node" "*"

ansi-regex@^2.0.0:
  version "2.1.1"
  resolved "https://registry.yarnpkg.com/ansi-regex/-/ansi-regex-2.1.1.tgz#c3b33ab5ee360d86e0e628f0468ae7ef27d654df"

ansi-styles@^2.2.1:
  version "2.2.1"
  resolved "https://registry.yarnpkg.com/ansi-styles/-/ansi-styles-2.2.1.tgz#b432dd3358b634cf75e1e4664368240533c1ddbe"

ansi-styles@^3.2.1:
  version "3.2.1"
  resolved "https://registry.yarnpkg.com/ansi-styles/-/ansi-styles-3.2.1.tgz#41fbb20243e50b12be0f04b8dedbf07520ce841d"
  dependencies:
    color-convert "^1.9.0"

arrify@^1.0.0:
  version "1.0.1"
  resolved "https://registry.yarnpkg.com/arrify/-/arrify-1.0.1.tgz#898508da2226f380df904728456849c1501a4b0d"

async@~1.0.0:
  version "1.0.0"
  resolved "https://registry.yarnpkg.com/async/-/async-1.0.0.tgz#f8fc04ca3a13784ade9e1641af98578cfbd647a9"

babel-code-frame@^6.26.0:
  version "6.26.0"
  resolved "https://registry.yarnpkg.com/babel-code-frame/-/babel-code-frame-6.26.0.tgz#63fd43f7dc1e3bb7ce35947db8fe369a3f58c74b"
  dependencies:
    chalk "^1.1.3"
    esutils "^2.0.2"
    js-tokens "^3.0.2"

babel-generator@^6.26.0:
  version "6.26.1"
  resolved "https://registry.yarnpkg.com/babel-generator/-/babel-generator-6.26.1.tgz#1844408d3b8f0d35a404ea7ac180f087a601bd90"
  dependencies:
    babel-messages "^6.23.0"
    babel-runtime "^6.26.0"
    babel-types "^6.26.0"
    detect-indent "^4.0.0"
    jsesc "^1.3.0"
    lodash "^4.17.4"
    source-map "^0.5.7"
    trim-right "^1.0.1"

babel-messages@^6.23.0:
  version "6.23.0"
  resolved "https://registry.yarnpkg.com/babel-messages/-/babel-messages-6.23.0.tgz#f3cdf4703858035b2a2951c6ec5edf6c62f2630e"
  dependencies:
    babel-runtime "^6.22.0"

babel-runtime@^6.22.0, babel-runtime@^6.26.0:
  version "6.26.0"
  resolved "https://registry.yarnpkg.com/babel-runtime/-/babel-runtime-6.26.0.tgz#965c7058668e82b55d7bfe04ff2337bc8b5647fe"
  dependencies:
    core-js "^2.4.0"
    regenerator-runtime "^0.11.0"

babel-traverse@^6.26.0:
  version "6.26.0"
  resolved "https://registry.yarnpkg.com/babel-traverse/-/babel-traverse-6.26.0.tgz#46a9cbd7edcc62c8e5c064e2d2d8d0f4035766ee"
  dependencies:
    babel-code-frame "^6.26.0"
    babel-messages "^6.23.0"
    babel-runtime "^6.26.0"
    babel-types "^6.26.0"
    babylon "^6.18.0"
    debug "^2.6.8"
    globals "^9.18.0"
    invariant "^2.2.2"
    lodash "^4.17.4"

babel-types@^6.26.0:
  version "6.26.0"
  resolved "https://registry.yarnpkg.com/babel-types/-/babel-types-6.26.0.tgz#a3b073f94ab49eb6fa55cd65227a334380632497"
  dependencies:
    babel-runtime "^6.26.0"
    esutils "^2.0.2"
    lodash "^4.17.4"
    to-fast-properties "^1.0.3"

babylon@^6.18.0:
  version "6.18.0"
  resolved "https://registry.yarnpkg.com/babylon/-/babylon-6.18.0.tgz#af2f3b88fa6f5c1e4c634d1a0f8eac4f55b395e3"

balanced-match@^1.0.0:
  version "1.0.0"
  resolved "https://registry.yarnpkg.com/balanced-match/-/balanced-match-1.0.0.tgz#89b4d199ab2bee49de164ea02b89ce462d71b767"

brace-expansion@^1.1.7:
  version "1.1.11"
  resolved "https://registry.yarnpkg.com/brace-expansion/-/brace-expansion-1.1.11.tgz#3c7fcbf529d87226f3d2f52b966ff5271eb441dd"
  dependencies:
    balanced-match "^1.0.0"
    concat-map "0.0.1"

cancel-token@^0.1.1:
  version "0.1.1"
  resolved "https://registry.yarnpkg.com/cancel-token/-/cancel-token-0.1.1.tgz#c18197674bb1c84c1d6933ebf15d8d5a5ce79b4f"
  dependencies:
    "@types/node" "^4.0.30"

chalk@^1.1.3:
  version "1.1.3"
  resolved "https://registry.yarnpkg.com/chalk/-/chalk-1.1.3.tgz#a8115c55e4a702fe4d150abd3872822a7e09fc98"
  dependencies:
    ansi-styles "^2.2.1"
    escape-string-regexp "^1.0.2"
    has-ansi "^2.0.0"
    strip-ansi "^3.0.0"
    supports-color "^2.0.0"

chalk@^2.3.0:
  version "2.3.2"
  resolved "https://registry.yarnpkg.com/chalk/-/chalk-2.3.2.tgz#250dc96b07491bfd601e648d66ddf5f60c7a5c65"
  dependencies:
    ansi-styles "^3.2.1"
    escape-string-regexp "^1.0.5"
    supports-color "^5.3.0"

clone@^2.0.0, clone@^2.1.0:
  version "2.1.1"
  resolved "https://registry.yarnpkg.com/clone/-/clone-2.1.1.tgz#d217d1e961118e3ac9a4b8bba3285553bf647cdb"

color-convert@^1.9.0:
  version "1.9.1"
  resolved "https://registry.yarnpkg.com/color-convert/-/color-convert-1.9.1.tgz#c1261107aeb2f294ebffec9ed9ecad529a6097ed"
  dependencies:
    color-name "^1.1.1"

color-name@^1.1.1:
  version "1.1.3"
  resolved "https://registry.yarnpkg.com/color-name/-/color-name-1.1.3.tgz#a7d0558bd89c42f795dd42328f740831ca53bc25"

colors@1.0.x:
  version "1.0.3"
  resolved "https://registry.yarnpkg.com/colors/-/colors-1.0.3.tgz#0433f44d809680fdeb60ed260f1b0c262e82a40b"

concat-map@0.0.1:
  version "0.0.1"
  resolved "https://registry.yarnpkg.com/concat-map/-/concat-map-0.0.1.tgz#d8a96bd77fd68df7793a73036a3ba0d5405d477b"

core-js@^2.4.0:
  version "2.5.3"
  resolved "https://registry.yarnpkg.com/core-js/-/core-js-2.5.3.tgz#8acc38345824f16d8365b7c9b4259168e8ed603e"

cssbeautify@^0.3.1:
  version "0.3.1"
  resolved "https://registry.yarnpkg.com/cssbeautify/-/cssbeautify-0.3.1.tgz#12dd1f734035c2e6faca67dcbdcef74e42811397"

cycle@1.0.x:
  version "1.0.3"
  resolved "https://registry.yarnpkg.com/cycle/-/cycle-1.0.3.tgz#21e80b2be8580f98b468f379430662b046c34ad2"

debug@^2.6.8:
  version "2.6.9"
  resolved "https://registry.yarnpkg.com/debug/-/debug-2.6.9.tgz#5d128515df134ff327e90a4c93f4e077a536341f"
  dependencies:
    ms "2.0.0"

detect-indent@^4.0.0:
  version "4.0.0"
  resolved "https://registry.yarnpkg.com/detect-indent/-/detect-indent-4.0.0.tgz#f76d064352cdf43a1cb6ce619c4ee3a9475de208"
  dependencies:
    repeating "^2.0.0"

diff@^3.1.0:
  version "3.5.0"
  resolved "https://registry.yarnpkg.com/diff/-/diff-3.5.0.tgz#800c0dd1e0a8bfbc95835c202ad220fe317e5a12"

doctrine@^2.0.2:
  version "2.1.0"
  resolved "https://registry.yarnpkg.com/doctrine/-/doctrine-2.1.0.tgz#5cd01fc101621b42c4cd7f5d1a66243716d3f39d"
  dependencies:
    esutils "^2.0.2"

dom5@^3.0.0:
  version "3.0.0"
  resolved "https://registry.yarnpkg.com/dom5/-/dom5-3.0.0.tgz#77a36871751cf6344bcd1859ab20304e628425a1"
  dependencies:
    "@types/parse5" "^2.2.32"
    clone "^2.1.0"
    parse5 "^4.0.0"

escape-string-regexp@^1.0.2, escape-string-regexp@^1.0.5:
  version "1.0.5"
  resolved "https://registry.yarnpkg.com/escape-string-regexp/-/escape-string-regexp-1.0.5.tgz#1b61c0562190a8dff6ae3bb2cf0200ca130b86d4"

esutils@^2.0.2:
  version "2.0.2"
  resolved "https://registry.yarnpkg.com/esutils/-/esutils-2.0.2.tgz#0abf4f1caa5bcb1f7a9d8acc6dea4faaa04bac9b"

eyes@0.1.x:
  version "0.1.8"
  resolved "https://registry.yarnpkg.com/eyes/-/eyes-0.1.8.tgz#62cf120234c683785d902348a800ef3e0cc20bc0"

globals@^9.18.0:
  version "9.18.0"
  resolved "https://registry.yarnpkg.com/globals/-/globals-9.18.0.tgz#aa3896b3e69b487f17e31ed2143d69a8e30c2d8a"

has-ansi@^2.0.0:
  version "2.0.0"
  resolved "https://registry.yarnpkg.com/has-ansi/-/has-ansi-2.0.0.tgz#34f5049ce1ecdf2b0649af3ef24e45ed35416d91"
  dependencies:
    ansi-regex "^2.0.0"

has-flag@^3.0.0:
  version "3.0.0"
  resolved "https://registry.yarnpkg.com/has-flag/-/has-flag-3.0.0.tgz#b5d454dc2199ae225699f3467e5a07f3b955bafd"

indent@0.0.2:
  version "0.0.2"
  resolved "https://registry.yarnpkg.com/indent/-/indent-0.0.2.tgz#8c79f080190559b687034b84c7aefa97d5a911d9"

invariant@^2.2.2:
  version "2.2.3"
  resolved "https://registry.yarnpkg.com/invariant/-/invariant-2.2.3.tgz#1a827dfde7dcbd7c323f0ca826be8fa7c5e9d688"
  dependencies:
    loose-envify "^1.0.0"

is-finite@^1.0.0:
  version "1.0.2"
  resolved "https://registry.yarnpkg.com/is-finite/-/is-finite-1.0.2.tgz#cc6677695602be550ef11e8b4aa6305342b6d0aa"
  dependencies:
    number-is-nan "^1.0.0"

is-windows@^1.0.2:
  version "1.0.2"
  resolved "https://registry.yarnpkg.com/is-windows/-/is-windows-1.0.2.tgz#d1850eb9791ecd18e6182ce12a30f396634bb19d"

isstream@0.1.x:
  version "0.1.2"
  resolved "https://registry.yarnpkg.com/isstream/-/isstream-0.1.2.tgz#47e63f7af55afa6f92e1500e690eb8b8529c099a"

js-tokens@^3.0.0, js-tokens@^3.0.2:
  version "3.0.2"
  resolved "https://registry.yarnpkg.com/js-tokens/-/js-tokens-3.0.2.tgz#9866df395102130e38f7f996bceb65443209c25b"

jsesc@^1.3.0:
  version "1.3.0"
  resolved "https://registry.yarnpkg.com/jsesc/-/jsesc-1.3.0.tgz#46c3fec8c1892b12b0833db9bc7622176dbab34b"

jsonschema@^1.1.0, jsonschema@^1.1.1:
  version "1.2.2"
  resolved "https://registry.yarnpkg.com/jsonschema/-/jsonschema-1.2.2.tgz#83ab9c63d65bf4d596f91d81195e78772f6452bc"

lodash.sortby@^4.7.0:
  version "4.7.0"
  resolved "https://registry.yarnpkg.com/lodash.sortby/-/lodash.sortby-4.7.0.tgz#edd14c824e2cc9c1e0b0a1b42bb5210516a42438"

lodash@^4.17.4:
  version "4.17.5"
  resolved "https://registry.yarnpkg.com/lodash/-/lodash-4.17.5.tgz#99a92d65c0272debe8c96b6057bc8fbfa3bed511"

loose-envify@^1.0.0:
  version "1.3.1"
  resolved "https://registry.yarnpkg.com/loose-envify/-/loose-envify-1.3.1.tgz#d1a8ad33fa9ce0e713d65fdd0ac8b748d478c848"
  dependencies:
    js-tokens "^3.0.0"

make-error@^1.1.1:
  version "1.3.4"
  resolved "https://registry.yarnpkg.com/make-error/-/make-error-1.3.4.tgz#19978ed575f9e9545d2ff8c13e33b5d18a67d535"

minimatch-all@^1.1.0:
  version "1.1.0"
  resolved "https://registry.yarnpkg.com/minimatch-all/-/minimatch-all-1.1.0.tgz#40c496a27a2e128d19bf758e76bb01a0c7145787"
  dependencies:
    minimatch "^3.0.2"

minimatch@^3.0.2, minimatch@^3.0.4:
  version "3.0.4"
  resolved "https://registry.yarnpkg.com/minimatch/-/minimatch-3.0.4.tgz#5166e286457f03306064be5497e8dbb0c3d32083"
  dependencies:
    brace-expansion "^1.1.7"

minimist@0.0.8:
  version "0.0.8"
  resolved "https://registry.yarnpkg.com/minimist/-/minimist-0.0.8.tgz#857fcabfc3397d2625b8228262e86aa7a011b05d"

minimist@^1.2.0:
  version "1.2.0"
  resolved "https://registry.yarnpkg.com/minimist/-/minimist-1.2.0.tgz#a35008b20f41383eec1fb914f4cd5df79a264284"

mkdirp@^0.5.1:
  version "0.5.1"
  resolved "https://registry.yarnpkg.com/mkdirp/-/mkdirp-0.5.1.tgz#30057438eac6cf7f8c4767f38648d6697d75c903"
  dependencies:
    minimist "0.0.8"

ms@2.0.0:
  version "2.0.0"
  resolved "https://registry.yarnpkg.com/ms/-/ms-2.0.0.tgz#5608aeadfc00be6c2901df5f9861788de0d597c8"

number-is-nan@^1.0.0:
  version "1.0.1"
  resolved "https://registry.yarnpkg.com/number-is-nan/-/number-is-nan-1.0.1.tgz#097b602b53422a522c1afb8790318336941a011d"

parse5@^4.0.0:
  version "4.0.0"
  resolved "https://registry.yarnpkg.com/parse5/-/parse5-4.0.0.tgz#6d78656e3da8d78b4ec0b906f7c08ef1dfe3f608"

path-parse@^1.0.5:
  version "1.0.5"
  resolved "https://registry.yarnpkg.com/path-parse/-/path-parse-1.0.5.tgz#3c1adf871ea9cd6c9431b6ea2bd74a0ff055c4c1"

plylog@^0.5.0:
  version "0.5.0"
  resolved "https://registry.yarnpkg.com/plylog/-/plylog-0.5.0.tgz#c976eba1d80d2dd991005d7c110daf874154788f"
  dependencies:
    "@types/node" "^4.2.3"
    "@types/winston" "^2.2.0"
    winston "^2.2.0"

polymer-analyzer@3.0.0-pre.13:
  version "3.0.0-pre.13"
  resolved "https://registry.yarnpkg.com/polymer-analyzer/-/polymer-analyzer-3.0.0-pre.13.tgz#3aa742d4b6a3abf6cf50b8b2cf7d5feb93ef76c1"
  dependencies:
    "@types/babel-generator" "^6.25.1"
    "@types/babel-traverse" "^6.25.2"
    "@types/babel-types" "^6.25.1"
    "@types/babylon" "^6.16.2"
    "@types/chai-subset" "^1.3.0"
    "@types/chalk" "^0.4.30"
    "@types/clone" "^0.1.30"
    "@types/cssbeautify" "^0.3.1"
    "@types/doctrine" "^0.0.1"
    "@types/is-windows" "^0.2.0"
    "@types/minimatch" "^3.0.1"
    "@types/node" "^6.0.0"
    "@types/parse5" "^2.2.34"
    "@types/resolve" "0.0.6"
    babel-generator "^6.26.0"
    babel-traverse "^6.26.0"
    babel-types "^6.26.0"
    babylon "^6.18.0"
    cancel-token "^0.1.1"
    chalk "^1.1.3"
    clone "^2.0.0"
    cssbeautify "^0.3.1"
    doctrine "^2.0.2"
    dom5 "^3.0.0"
    indent "0.0.2"
    is-windows "^1.0.2"
    jsonschema "^1.1.0"
    minimatch "^3.0.4"
    parse5 "^4.0.0"
    polymer-project-config "^3.6.0"
    resolve "^1.5.0"
    shady-css-parser "^0.1.0"
    stable "^0.1.6"
    strip-indent "^2.0.0"
    vscode-uri "^1.0.1"
    whatwg-url "^6.4.0"

polymer-project-config@^3.6.0:
  version "3.9.0"
  resolved "https://registry.yarnpkg.com/polymer-project-config/-/polymer-project-config-3.9.0.tgz#91583a58ca9097a1c4853c38a36927189b099ca7"
  dependencies:
    "@types/node" "^6.0.41"
    jsonschema "^1.1.1"
    minimatch-all "^1.1.0"
    plylog "^0.5.0"

punycode@^2.1.0:
  version "2.1.0"
  resolved "https://registry.yarnpkg.com/punycode/-/punycode-2.1.0.tgz#5f863edc89b96db09074bad7947bf09056ca4e7d"

regenerator-runtime@^0.11.0:
  version "0.11.1"
  resolved "https://registry.yarnpkg.com/regenerator-runtime/-/regenerator-runtime-0.11.1.tgz#be05ad7f9bf7d22e056f9726cee5017fbf19e2e9"

repeating@^2.0.0:
  version "2.0.1"
  resolved "https://registry.yarnpkg.com/repeating/-/repeating-2.0.1.tgz#5214c53a926d3552707527fbab415dbc08d06dda"
  dependencies:
    is-finite "^1.0.0"

resolve@^1.5.0:
  version "1.5.0"
  resolved "https://registry.yarnpkg.com/resolve/-/resolve-1.5.0.tgz#1f09acce796c9a762579f31b2c1cc4c3cddf9f36"
  dependencies:
    path-parse "^1.0.5"

shady-css-parser@^0.1.0:
  version "0.1.0"
  resolved "https://registry.yarnpkg.com/shady-css-parser/-/shady-css-parser-0.1.0.tgz#534dc79c8ca5884c5ed92a4e5a13d6d863bca428"

source-map-support@^0.5.3:
  version "0.5.3"
  resolved "https://registry.yarnpkg.com/source-map-support/-/source-map-support-0.5.3.tgz#2b3d5fff298cfa4d1afd7d4352d569e9a0158e76"
  dependencies:
    source-map "^0.6.0"

source-map@^0.5.7:
  version "0.5.7"
  resolved "https://registry.yarnpkg.com/source-map/-/source-map-0.5.7.tgz#8a039d2d1021d22d1ea14c80d8ea468ba2ef3fcc"

source-map@^0.6.0:
  version "0.6.1"
  resolved "https://registry.yarnpkg.com/source-map/-/source-map-0.6.1.tgz#74722af32e9614e9c287a8d0bbde48b5e2f1a263"

stable@^0.1.6:
  version "0.1.6"
  resolved "https://registry.yarnpkg.com/stable/-/stable-0.1.6.tgz#910f5d2aed7b520c6e777499c1f32e139fdecb10"

stack-trace@0.0.x:
  version "0.0.10"
  resolved "https://registry.yarnpkg.com/stack-trace/-/stack-trace-0.0.10.tgz#547c70b347e8d32b4e108ea1a2a159e5fdde19c0"

strip-ansi@^3.0.0:
  version "3.0.1"
  resolved "https://registry.yarnpkg.com/strip-ansi/-/strip-ansi-3.0.1.tgz#6a385fb8853d952d5ff05d0e8aaf94278dc63dcf"
  dependencies:
    ansi-regex "^2.0.0"

strip-indent@^2.0.0:
  version "2.0.0"
  resolved "https://registry.yarnpkg.com/strip-indent/-/strip-indent-2.0.0.tgz#5ef8db295d01e6ed6cbf7aab96998d7822527b68"

supports-color@^2.0.0:
  version "2.0.0"
  resolved "https://registry.yarnpkg.com/supports-color/-/supports-color-2.0.0.tgz#535d045ce6b6363fa40117084629995e9df324c7"

supports-color@^5.3.0:
  version "5.3.0"
  resolved "https://registry.yarnpkg.com/supports-color/-/supports-color-5.3.0.tgz#5b24ac15db80fa927cf5227a4a33fd3c4c7676c0"
  dependencies:
    has-flag "^3.0.0"

to-fast-properties@^1.0.3:
  version "1.0.3"
  resolved "https://registry.yarnpkg.com/to-fast-properties/-/to-fast-properties-1.0.3.tgz#b83571fa4d8c25b82e231b06e3a3055de4ca1a47"

tr46@^1.0.0:
  version "1.0.1"
  resolved "https://registry.yarnpkg.com/tr46/-/tr46-1.0.1.tgz#a8b13fd6bfd2489519674ccde55ba3693b706d09"
  dependencies:
    punycode "^2.1.0"

trim-right@^1.0.1:
  version "1.0.1"
  resolved "https://registry.yarnpkg.com/trim-right/-/trim-right-1.0.1.tgz#cb2e1203067e0c8de1f614094b9fe45704ea6003"

ts-node@5.0.1:
  version "5.0.1"
  resolved "https://registry.yarnpkg.com/ts-node/-/ts-node-5.0.1.tgz#78e5d1cb3f704de1b641e43b76be2d4094f06f81"
  dependencies:
    arrify "^1.0.0"
    chalk "^2.3.0"
    diff "^3.1.0"
    make-error "^1.1.1"
    minimist "^1.2.0"
    mkdirp "^0.5.1"
    source-map-support "^0.5.3"
    yn "^2.0.0"

typescript@2.7.2:
  version "2.7.2"
  resolved "https://registry.yarnpkg.com/typescript/-/typescript-2.7.2.tgz#2d615a1ef4aee4f574425cdff7026edf81919836"

vscode-uri@^1.0.1:
  version "1.0.1"
  resolved "https://registry.yarnpkg.com/vscode-uri/-/vscode-uri-1.0.1.tgz#11a86befeac3c4aa3ec08623651a3c81a6d0bbc8"

webidl-conversions@^4.0.1:
  version "4.0.2"
  resolved "https://registry.yarnpkg.com/webidl-conversions/-/webidl-conversions-4.0.2.tgz#a855980b1f0b6b359ba1d5d9fb39ae941faa63ad"

whatwg-url@^6.4.0:
  version "6.4.0"
  resolved "https://registry.yarnpkg.com/whatwg-url/-/whatwg-url-6.4.0.tgz#08fdf2b9e872783a7a1f6216260a1d66cc722e08"
  dependencies:
    lodash.sortby "^4.7.0"
    tr46 "^1.0.0"
    webidl-conversions "^4.0.1"

winston@^2.2.0:
  version "2.4.0"
  resolved "https://registry.yarnpkg.com/winston/-/winston-2.4.0.tgz#808050b93d52661ed9fb6c26b3f0c826708b0aee"
  dependencies:
    async "~1.0.0"
    colors "1.0.x"
    cycle "1.0.x"
    eyes "0.1.x"
    isstream "0.1.x"
    stack-trace "0.0.x"

yn@^2.0.0:
  version "2.0.0"
  resolved "https://registry.yarnpkg.com/yn/-/yn-2.0.0.tgz#e5adabc8acf408f6385fc76495684c88e6af689a"
